
Microsoft Visual Studio Solution File, Format Version 12.00
# Visual Studio Version 17
VisualStudioVersion = 17.14.36221.1 d17.14
MinimumVisualStudioVersion = 10.0.40219.1
Project("{FAE04EC0-301F-11D3-BF4B-00C04F79EFBC}") = "DemoEvDB", "DemoEvDB\DemoEvDB.csproj", "{81720827-4C0C-45B1-BC2F-A17E7AB07D4B}"
EndProject
Project("{FAE04EC0-301F-11D3-BF4B-00C04F79EFBC}") = "Logic", "Logic\Logic.csproj", "{8E1FB470-6D2E-4041-8499-67DDC0C4FFD9}"
EndProject
Global
	GlobalSection(SolutionConfigurationPlatforms) = preSolution
		Debug|Any CPU = Debug|Any CPU
		Release|Any CPU = Release|Any CPU
	EndGlobalSection
	GlobalSection(ProjectConfigurationPlatforms) = postSolution
		{81720827-4C0C-45B1-BC2F-A17E7AB07D4B}.Debug|Any CPU.ActiveCfg = Debug|Any CPU
		{81720827-4C0C-45B1-BC2F-A17E7AB07D4B}.Debug|Any CPU.Build.0 = Debug|Any CPU
		{81720827-4C0C-45B1-BC2F-A17E7AB07D4B}.Release|Any CPU.ActiveCfg = Release|Any CPU
		{81720827-4C0C-45B1-BC2F-A17E7AB07D4B}.Release|Any CPU.Build.0 = Release|Any CPU
		{8E1FB470-6D2E-4041-8499-67DDC0C4FFD9}.Debug|Any CPU.ActiveCfg = Debug|Any CPU
		{8E1FB470-6D2E-4041-8499-67DDC0C4FFD9}.Debug|Any CPU.Build.0 = Debug|Any CPU
		{8E1FB470-6D2E-4041-8499-67DDC0C4FFD9}.Release|Any CPU.ActiveCfg = Release|Any CPU
		{8E1FB470-6D2E-4041-8499-67DDC0C4FFD9}.Release|Any CPU.Build.0 = Release|Any CPU
	EndGlobalSection
	GlobalSection(SolutionProperties) = preSolution
		HideSolutionNode = FALSE
	EndGlobalSection
	GlobalSection(ExtensibilityGlobals) = postSolution
		SolutionGuid = {718F0F56-D630-4003-8B31-A80FBF208909}
	EndGlobalSection
EndGlobal
